%{
  "amqp": {:hex, :amqp, "3.3.2", "6cad7469957b29c517a26a27474828f1db28278a13bcc2e7970db9854a3d3080", [:mix], [{:amqp_client, "~> 3.9", [hex: :amqp_client, repo: "hexpm", optional: false]}], "hexpm", "f977c41d81b65a21234a9158e6491b2296f8bd5bda48d5b611a64b6e0d2c3f31"},
  "amqp_client": {:hex, :amqp_client, "3.12.14", "2b677bc3f2e2234ba7517042b25d72071a79735042e91f9116bd3c176854b622", [:make, :rebar3], [{:credentials_obfuscation, "3.4.0", [hex: :credentials_obfuscation, repo: "hexpm", optional: false]}, {:rabbit_common, "3.12.14", [hex: :rabbit_common, repo: "hexpm", optional: false]}], "hexpm", "5f70b6c3b1a739790080da4fddc94a867e99f033c4b1edc20d6ff8b8fb4bd160"},
  "bbmustache": {:hex, :bbmustache, "1.12.2", "0cabdce0db9fe6d3318131174b9f2b351328a4c0afbeb3e6e99bb0e02e9b621d", [:rebar3], [], "hexpm", "688b33a4d5cc2d51f575adf0b3683fc40a38314a2f150906edcfc77f5b577b3b"},
  "broadway": {:hex, :broadway, "1.2.1", "83a1567423c26885e15f6cd8670ca790370af2fcff2ede7fa88c5ea793087a67", [:mix], [{:gen_stage, "~> 1.0", [hex: :gen_stage, repo: "hexpm", optional: false]}, {:nimble_options, "~> 0.3.7 or ~> 0.4 or ~> 1.0", [hex: :nimble_options, repo: "hexpm", optional: false]}, {:telemetry, "~> 0.4.3 or ~> 1.0", [hex: :telemetry, repo: "hexpm", optional: false]}], "hexpm", "68ae63d83b55bdca0f95cd49feee5fb74c5a6bec557caf940860fe07dbc8a4fb"},
  "broadway_rabbitmq": {:hex, :broadway_rabbitmq, "0.8.2", "087e2fb0ea2fe6fd941246be6985eccda93ea601bf678c3e8bd5d2a830acb058", [:mix], [{:amqp, "~> 1.3 or ~> 2.0 or ~> 3.0 or ~> 4.0", [hex: :amqp, repo: "hexpm", optional: false]}, {:broadway, "~> 1.0", [hex: :broadway, repo: "hexpm", optional: false]}, {:nimble_options, "~> 0.3.5 or ~> 0.4.0 or ~> 1.0", [hex: :nimble_options, repo: "hexpm", optional: false]}, {:telemetry, "~> 0.4.3 or ~> 1.0", [hex: :telemetry, repo: "hexpm", optional: false]}], "hexpm", "762cf2fa7c20027c20ebaf1708570c2101c78824237eb2ab7e3f1158e4003a5a"},
  "cors_plug": {:hex, :cors_plug, "3.0.3", "7c3ac52b39624bc616db2e937c282f3f623f25f8d550068b6710e58d04a0e330", [:mix], [{:plug, "~> 1.13", [hex: :plug, repo: "hexpm", optional: false]}], "hexpm", "3f2d759e8c272ed3835fab2ef11b46bddab8c1ab9528167bd463b6452edf830d"},
  "cowboy": {:hex, :cowboy, "2.14.2", "4008be1df6ade45e4f2a4e9e2d22b36d0b5aba4e20b0a0d7049e28d124e34847", [:make, :rebar3], [{:cowlib, ">= 2.16.0 and < 3.0.0", [hex: :cowlib, repo: "hexpm", optional: false]}, {:ranch, ">= 1.8.0 and < 3.0.0", [hex: :ranch, repo: "hexpm", optional: false]}], "hexpm", "569081da046e7b41b5df36aa359be71a0c8874e5b9cff6f747073fc57baf1ab9"},
  "cowboy_telemetry": {:hex, :cowboy_telemetry, "0.4.0", "f239f68b588efa7707abce16a84d0d2acf3a0f50571f8bb7f56a15865aae820c", [:rebar3], [{:cowboy, "~> 2.7", [hex: :cowboy, repo: "hexpm", optional: false]}, {:telemetry, "~> 1.0", [hex: :telemetry, repo: "hexpm", optional: false]}], "hexpm", "7d98bac1ee4565d31b62d59f8823dfd8356a169e7fcbb83831b8a5397404c9de"},
  "cowlib": {:hex, :cowlib, "2.16.0", "54592074ebbbb92ee4746c8a8846e5605052f29309d3a873468d76cdf932076f", [:make, :rebar3], [], "hexpm", "7f478d80d66b747344f0ea7708c187645cfcc08b11aa424632f78e25bf05db51"},
  "credentials_obfuscation": {:hex, :credentials_obfuscation, "3.4.0", "34e18b126b3aefd6e8143776fbe1ceceea6792307c99ac5ee8687911f048cfd7", [:rebar3], [], "hexpm", "738ace0ed5545d2710d3f7383906fc6f6b582d019036e5269c4dbd85dbced566"},
  "db_connection": {:hex, :db_connection, "2.9.0", "a6a97c5c958a2d7091a58a9be40caf41ab496b0701d21e1d1abff3fa27a7f371", [:mix], [{:telemetry, "~> 0.4 or ~> 1.0", [hex: :telemetry, repo: "hexpm", optional: false]}], "hexpm", "17d502eacaf61829db98facf6f20808ed33da6ccf495354a41e64fe42f9c509c"},
  "decimal": {:hex, :decimal, "2.3.0", "3ad6255aa77b4a3c4f818171b12d237500e63525c2fd056699967a3e7ea20f62", [:mix], [], "hexpm", "a4d66355cb29cb47c3cf30e71329e58361cfcb37c34235ef3bf1d7bf3773aeac"},
  "ecto": {:hex, :ecto, "3.13.5", "9d4a69700183f33bf97208294768e561f5c7f1ecf417e0fa1006e4a91713a834", [:mix], [{:decimal, "~> 2.0", [hex: :decimal, repo: "hexpm", optional: false]}, {:jason, "~> 1.0", [hex: :jason, repo: "hexpm", optional: true]}, {:telemetry, "~> 0.4 or ~> 1.0", [hex: :telemetry, repo: "hexpm", optional: false]}], "hexpm", "df9efebf70cf94142739ba357499661ef5dbb559ef902b68ea1f3c1fabce36de"},
  "ecto_sql": {:hex, :ecto_sql, "3.13.5", "2f8282b2ad97bf0f0d3217ea0a6fff320ead9e2f8770f810141189d182dc304e", [:mix], [{:db_connection, "~> 2.4.1 or ~> 2.5", [hex: :db_connection, repo: "hexpm", optional: false]}, {:ecto, "~> 3.13.0", [hex: :ecto, repo: "hexpm", optional: false]}, {:myxql, "~> 0.7", [hex: :myxql, repo: "hexpm", optional: true]}, {:postgrex, "~> 0.19 or ~> 1.0", [hex: :postgrex, repo: "hexpm", optional: true]}, {:tds, "~> 2.1.1 or ~> 2.2", [hex: :tds, repo: "hexpm", optional: true]}, {:telemetry, "~> 0.4.0 or ~> 1.0", [hex: :telemetry, repo: "hexpm", optional: false]}], "hexpm", "aa36751f4e6a2b56ae79efb0e088042e010ff4935fc8684e74c23b1f49e25fdc"},
  "elixir_uuid": {:hex, :elixir_uuid, "1.2.1", "dce506597acb7e6b0daeaff52ff6a9043f5919a4c3315abb4143f0b00378c097", [:mix], [], "hexpm", "f7eba2ea6c3555cea09706492716b0d87397b88946e6380898c2889d68585752"},
  "ex_machina": {:hex, :ex_machina, "2.8.0", "a0e847b5712065055ec3255840e2c78ef9366634d62390839d4880483be38abe", [:mix], [{:ecto, "~> 2.2 or ~> 3.0", [hex: :ecto, repo: "hexpm", optional: true]}, {:ecto_sql, "~> 3.0", [hex: :ecto_sql, repo: "hexpm", optional: true]}], "hexpm", "79fe1a9c64c0c1c1fab6c4fa5d871682cb90de5885320c187d117004627a7729"},
  "gen_stage": {:hex, :gen_stage, "1.3.2", "7c77e5d1e97de2c6c2f78f306f463bca64bf2f4c3cdd606affc0100b89743b7b", [:mix], [], "hexpm", "0ffae547fa777b3ed889a6b9e1e64566217413d018cabd825f786e843ffe63e7"},
  "jason": {:hex, :jason, "1.4.4", "b9226785a9aa77b6857ca22832cffa5d5011a667207eb2a0ad56adb5db443b8a", [:mix], [{:decimal, "~> 1.0 or ~> 2.0", [hex: :decimal, repo: "hexpm", optional: true]}], "hexpm", "c5eb0cab91f094599f94d55bc63409236a8ec69a21a67814529e8d5f6cc90b3b"},
  "mime": {:hex, :mime, "2.0.7", "b8d739037be7cd402aee1ba0306edfdef982687ee7e9859bee6198c1e7e2f128", [:mix], [], "hexpm", "6171188e399ee16023ffc5b76ce445eb6d9672e2e241d2df6050f3c771e80ccd"},
  "mox": {:hex, :mox, "1.2.0", "a2cd96b4b80a3883e3100a221e8adc1b98e4c3a332a8fc434c39526babafd5b3", [:mix], [{:nimble_ownership, "~> 1.0", [hex: :nimble_ownership, repo: "hexpm", optional: false]}], "hexpm", "c7b92b3cc69ee24a7eeeaf944cd7be22013c52fcb580c1f33f50845ec821089a"},
  "myxql": {:hex, :myxql, "0.8.0", "60c60e87c7320d2f5759416aa1758c8e7534efbae07b192861977f8455e35acd", [:mix], [{:db_connection, "~> 2.4.1 or ~> 2.5", [hex: :db_connection, repo: "hexpm", optional: false]}, {:decimal, "~> 1.6 or ~> 2.0", [hex: :decimal, repo: "hexpm", optional: false]}, {:geo, "~> 3.4 or ~> 4.0", [hex: :geo, repo: "hexpm", optional: true]}, {:jason, "~> 1.0", [hex: :jason, repo: "hexpm", optional: true]}, {:table, "~> 0.1.0", [hex: :table, repo: "hexpm", optional: true]}], "hexpm", "1ec0ceb26fb3cd0f8756519cf4f0e4f9348177a020705223bdf4742a2c44d774"},
  "nimble_options": {:hex, :nimble_options, "1.1.1", "e3a492d54d85fc3fd7c5baf411d9d2852922f66e69476317787a7b2bb000a61b", [:mix], [], "hexpm", "821b2470ca9442c4b6984882fe9bb0389371b8ddec4d45a9504f00a66f650b44"},
  "nimble_ownership": {:hex, :nimble_ownership, "1.0.2", "fa8a6f2d8c592ad4d79b2ca617473c6aefd5869abfa02563a77682038bf916cf", [:mix], [], "hexpm", "098af64e1f6f8609c6672127cfe9e9590a5d3fcdd82bc17a377b8692fd81a879"},
  "phoenix": {:hex, :phoenix, "1.8.5", "919db335247e6d4891764dc3063415b0d2457641c5f9b3751b5df03d8e20bbcf", [:mix], [{:bandit, "~> 1.0", [hex: :bandit, repo: "hexpm", optional: true]}, {:jason, "~> 1.0", [hex: :jason, repo: "hexpm", optional: true]}, {:phoenix_pubsub, "~> 2.1", [hex: :phoenix_pubsub, repo: "hexpm", optional: false]}, {:phoenix_template, "~> 1.0", [hex: :phoenix_template, repo: "hexpm", optional: false]}, {:phoenix_view, "~> 2.0", [hex: :phoenix_view, repo: "hexpm", optional: true]}, {:plug, "~> 1.14", [hex: :plug, repo: "hexpm", optional: false]}, {:plug_cowboy, "~> 2.7", [hex: :plug_cowboy, repo: "hexpm", optional: true]}, {:plug_crypto, "~> 1.2 or ~> 2.0", [hex: :plug_crypto, repo: "hexpm", optional: false]}, {:telemetry, "~> 0.4 or ~> 1.0", [hex: :telemetry, repo: "hexpm", optional: false]}, {:websock_adapter, "~> 0.5.3", [hex: :websock_adapter, repo: "hexpm", optional: false]}], "hexpm", "83b2bb125127e02e9f475c8e3e92736325b5b01b0b9b05407bcb4083b7a32485"},
  "phoenix_html": {:hex, :phoenix_html, "4.3.0", "d3577a5df4b6954cd7890c84d955c470b5310bb49647f0a114a6eeecc850f7ad", [:mix], [], "hexpm", "3eaa290a78bab0f075f791a46a981bbe769d94bc776869f4f3063a14f30497ad"},
  "phoenix_live_dashboard": {:hex, :phoenix_live_dashboard, "0.8.7", "405880012cb4b706f26dd1c6349125bfc903fb9e44d1ea668adaf4e04d4884b7", [:mix], [{:ecto, "~> 3.6.2 or ~> 3.7", [hex: :ecto, repo: "hexpm", optional: true]}, {:ecto_mysql_extras, "~> 0.5", [hex: :ecto_mysql_extras, repo: "hexpm", optional: true]}, {:ecto_psql_extras, "~> 0.7", [hex: :ecto_psql_extras, repo: "hexpm", optional: true]}, {:ecto_sqlite3_extras, "~> 1.1.7 or ~> 1.2.0", [hex: :ecto_sqlite3_extras, repo: "hexpm", optional: true]}, {:mime, "~> 1.6 or ~> 2.0", [hex: :mime, repo: "hexpm", optional: false]}, {:phoenix_live_view, "~> 0.19 or ~> 1.0", [hex: :phoenix_live_view, repo: "hexpm", optional: false]}, {:telemetry_metrics, "~> 0.6 or ~> 1.0", [hex: :telemetry_metrics, repo: "hexpm", optional: false]}], "hexpm", "3a8625cab39ec261d48a13b7468dc619c0ede099601b084e343968309bd4d7d7"},
  "phoenix_live_view": {:hex, :phoenix_live_view, "1.1.26", "306af67d6557cc01f880107cc459f1fa0acbaab60bc8c027a368ba16b3544473", [:mix], [{:igniter, ">= 0.6.16 and < 1.0.0-0", [hex: :igniter, repo: "hexpm", optional: true]}, {:jason, "~> 1.0", [hex: :jason, repo: "hexpm", optional: true]}, {:lazy_html, "~> 0.1.0", [hex: :lazy_html, repo: "hexpm", optional: true]}, {:phoenix, "~> 1.6.15 or ~> 1.7.0 or ~> 1.8.0-rc", [hex: :phoenix, repo: "hexpm", optional: false]}, {:phoenix_html, "~> 3.3 or ~> 4.0", [hex: :phoenix_html, repo: "hexpm", optional: false]}, {:phoenix_template, "~> 1.0", [hex: :phoenix_template, repo: "hexpm", optional: false]}, {:phoenix_view, "~> 2.0", [hex: :phoenix_view, repo: "hexpm", optional: true]}, {:plug, "~> 1.15", [hex: :plug, repo: "hexpm", optional: false]}, {:telemetry, "~> 0.4.2 or ~> 1.0", [hex: :telemetry, repo: "hexpm", optional: false]}], "hexpm", "0ec34b24c69aa70c4f25a8901effe3462bee6c8ca80a9a4a7685215e3a0ac34e"},
  "phoenix_pubsub": {:hex, :phoenix_pubsub, "2.2.0", "ff3a5616e1bed6804de7773b92cbccfc0b0f473faf1f63d7daf1206c7aeaaa6f", [:mix], [], "hexpm", "adc313a5bf7136039f63cfd9668fde73bba0765e0614cba80c06ac9460ff3e96"},
  "phoenix_template": {:hex, :phoenix_template, "1.0.4", "e2092c132f3b5e5b2d49c96695342eb36d0ed514c5b252a77048d5969330d639", [:mix], [{:phoenix_html, "~> 2.14.2 or ~> 3.0 or ~> 4.0", [hex: :phoenix_html, repo: "hexpm", optional: true]}], "hexpm", "2c0c81f0e5c6753faf5cca2f229c9709919aba34fab866d3bc05060c9c444206"},
  "plug": {:hex, :plug, "1.19.1", "09bac17ae7a001a68ae393658aa23c7e38782be5c5c00c80be82901262c394c0", [:mix], [{:mime, "~> 1.0 or ~> 2.0", [hex: :mime, repo: "hexpm", optional: false]}, {:plug_crypto, "~> 1.1.1 or ~> 1.2 or ~> 2.0", [hex: :plug_crypto, repo: "hexpm", optional: false]}, {:telemetry, "~> 0.4.3 or ~> 1.0", [hex: :telemetry, repo: "hexpm", optional: false]}], "hexpm", "560a0017a8f6d5d30146916862aaf9300b7280063651dd7e532b8be168511e62"},
  "plug_cowboy": {:hex, :plug_cowboy, "2.8.0", "07789e9c03539ee51bb14a07839cc95aa96999fd8846ebfd28c97f0b50c7b612", [:mix], [{:cowboy, "~> 2.7", [hex: :cowboy, repo: "hexpm", optional: false]}, {:cowboy_telemetry, "~> 0.3", [hex: :cowboy_telemetry, repo: "hexpm", optional: false]}, {:plug, "~> 1.14", [hex: :plug, repo: "hexpm", optional: false]}], "hexpm", "9cbfaaf17463334ca31aed38ea7e08a68ee37cabc077b1e9be6d2fb68e0171d0"},
  "plug_crypto": {:hex, :plug_crypto, "2.1.1", "19bda8184399cb24afa10be734f84a16ea0a2bc65054e23a62bb10f06bc89491", [:mix], [], "hexpm", "6470bce6ffe41c8bd497612ffde1a7e4af67f36a15eea5f921af71cf3e11247c"},
  "poolboy": {:hex, :poolboy, "1.5.2", "392b007a1693a64540cead79830443abf5762f5d30cf50bc95cb2c1aaafa006b", [:rebar3], [], "hexpm", "dad79704ce5440f3d5a3681c8590b9dc25d1a561e8f5a9c995281012860901e3"},
  "postgrex": {:hex, :postgrex, "0.22.0", "fb027b58b6eab1f6de5396a2abcdaaeb168f9ed4eccbb594e6ac393b02078cbd", [:mix], [{:db_connection, "~> 2.9", [hex: :db_connection, repo: "hexpm", optional: false]}, {:decimal, "~> 1.5 or ~> 2.0", [hex: :decimal, repo: "hexpm", optional: false]}, {:jason, "~> 1.0", [hex: :jason, repo: "hexpm", optional: true]}, {:table, "~> 0.1.0", [hex: :table, repo: "hexpm", optional: true]}], "hexpm", "a68c4261e299597909e03e6f8ff5a13876f5caadaddd0d23af0d0a61afcc5d84"},
  "rabbit_common": {:hex, :rabbit_common, "3.12.14", "466123ee7346a3cdac078c0c302bcd36da4523e8acd678c1b992f7b4df1f7914", [:make, :rebar3], [{:credentials_obfuscation, "3.4.0", [hex: :credentials_obfuscation, repo: "hexpm", optional: false]}, {:recon, "2.5.3", [hex: :recon, repo: "hexpm", optional: false]}, {:thoas, "1.0.0", [hex: :thoas, repo: "hexpm", optional: false]}], "hexpm", "70c31a51f7401cc0204ddef2745d98680c2e0df67e3b0c9e198916881fde3293"},
  "ranch": {:hex, :ranch, "2.2.0", "25528f82bc8d7c6152c57666ca99ec716510fe0925cb188172f41ce93117b1b0", [:make, :rebar3], [], "hexpm", "fa0b99a1780c80218a4197a59ea8d3bdae32fbff7e88527d7d8a4787eff4f8e7"},
  "recon": {:hex, :recon, "2.5.3", "739107b9050ea683c30e96de050bc59248fd27ec147696f79a8797ff9fa17153", [:mix, :rebar3], [], "hexpm", "6c6683f46fd4a1dfd98404b9f78dcabc7fcd8826613a89dcb984727a8c3099d7"},
  "tds": {:hex, :tds, "2.3.7", "2323c4a3a19d5367d3759bb0c3af433a1e7af921a323fd285ed6c4532dccda52", [:mix], [{:db_connection, "~> 2.1", [hex: :db_connection, repo: "hexpm", optional: false]}, {:decimal, "~> 1.9 or ~> 2.0", [hex: :decimal, repo: "hexpm", optional: false]}, {:jason, "~> 1.0", [hex: :jason, repo: "hexpm", optional: true]}, {:table, "~> 0.1.0", [hex: :table, repo: "hexpm", optional: true]}], "hexpm", "6ed9e21858d98156155ec8388f092a1c563c4ed1938ad198a5cf02f76b59a79c"},
  "telemetry": {:hex, :telemetry, "1.4.1", "ab6de178e2b29b58e8256b92b382ea3f590a47152ca3651ea857a6cae05ac423", [:rebar3], [], "hexpm", "2172e05a27531d3d31dd9782841065c50dd5c3c7699d95266b2edd54c2dafa1c"},
  "telemetry_metrics": {:hex, :telemetry_metrics, "1.1.0", "5bd5f3b5637e0abea0426b947e3ce5dd304f8b3bc6617039e2b5a008adc02f8f", [:mix], [{:telemetry, "~> 0.4 or ~> 1.0", [hex: :telemetry, repo: "hexpm", optional: false]}], "hexpm", "e7b79e8ddfde70adb6db8a6623d1778ec66401f366e9a8f5dd0955c56bc8ce67"},
  "telemetry_poller": {:hex, :telemetry_poller, "1.3.0", "d5c46420126b5ac2d72bc6580fb4f537d35e851cc0f8dbd571acf6d6e10f5ec7", [:rebar3], [{:telemetry, "~> 1.0", [hex: :telemetry, repo: "hexpm", optional: false]}], "hexpm", "51f18bed7128544a50f75897db9974436ea9bfba560420b646af27a9a9b35211"},
  "thoas": {:hex, :thoas, "1.0.0", "567c03902920827a18a89f05b79a37b5bf93553154b883e0131801600cf02ce0", [:rebar3], [], "hexpm", "fc763185b932ecb32a554fb735ee03c3b6b1b31366077a2427d2a97f3bd26735"},
  "websock": {:hex, :websock, "0.5.3", "2f69a6ebe810328555b6fe5c831a851f485e303a7c8ce6c5f675abeb20ebdadc", [:mix], [], "hexpm", "6105453d7fac22c712ad66fab1d45abdf049868f253cf719b625151460b8b453"},
  "websock_adapter": {:hex, :websock_adapter, "0.5.9", "43dc3ba6d89ef5dec5b1d0a39698436a1e856d000d84bf31a3149862b01a287f", [:mix], [{:bandit, ">= 0.6.0", [hex: :bandit, repo: "hexpm", optional: true]}, {:plug, "~> 1.14", [hex: :plug, repo: "hexpm", optional: false]}, {:plug_cowboy, "~> 2.6", [hex: :plug_cowboy, repo: "hexpm", optional: true]}, {:websock, "~> 0.5", [hex: :websock, repo: "hexpm", optional: false]}], "hexpm", "5534d5c9adad3c18a0f58a9371220d75a803bf0b9a3d87e6fe072faaeed76a08"},
}
